
Microsoft Visual Studio Solution File, Format Version 12.00
# Visual Studio Version 17
VisualStudioVersion = 17.8.34330.188
MinimumVisualStudioVersion = 10.0.40219.1
Project("{FAE04EC0-301F-11D3-BF4B-00C04F79EFBC}") = "BakeryManagement", "BakeryManagement\BakeryManagement.csproj", "{C2557629-4EBA-4741-B23C-B18A39E5A6EE}"
EndProject
Global
	GlobalSection(SolutionConfigurationPlatforms) = preSolution
		Debug|Any CPU = Debug|Any CPU
		Release|Any CPU = Release|Any CPU
	EndGlobalSection
	GlobalSection(ProjectConfigurationPlatforms) = postSolution
		{C2557629-4EBA-4741-B23C-B18A39E5A6EE}.Debug|Any CPU.ActiveCfg = Debug|Any CPU
		{C2557629-4EBA-4741-B23C-B18A39E5A6EE}.Debug|Any CPU.Build.0 = Debug|Any CPU
		{C2557629-4EBA-4741-B23C-B18A39E5A6EE}.Release|Any CPU.ActiveCfg = Release|Any CPU
		{C2557629-4EBA-4741-B23C-B18A39E5A6EE}.Release|Any CPU.Build.0 = Release|Any CPU
	EndGlobalSection
	GlobalSection(SolutionProperties) = preSolution
		HideSolutionNode = FALSE
	EndGlobalSection
	GlobalSection(ExtensibilityGlobals) = postSolution
		SolutionGuid = {A3B737D1-51E5-427C-93DD-F17ADC424D47}
	EndGlobalSection
EndGlobal
